// !$*UTF8*$!
{
	archiveVersion = 1;
	classes = {
	};
	objectVersion = 50;
	objects = {

/* Begin PBXBuildFile section */
		21392C9023D8347500DEDED2 /* AppDelegate.swift in Sources */ = {isa = PBXBuildFile; fileRef = 21392C8F23D8347500DEDED2 /* AppDelegate.swift */; };
		21392C9223D8347500DEDED2 /* SceneDelegate.swift in Sources */ = {isa = PBXBuildFile; fileRef = 21392C9123D8347500DEDED2 /* SceneDelegate.swift */; };
		21392C9723D8347500DEDED2 /* Main.storyboard in Resources */ = {isa = PBXBuildFile; fileRef = 21392C9523D8347500DEDED2 /* Main.storyboard */; };
		21392C9A23D8347500DEDED2 /* WorkoutTracker.xcdatamodeld in Sources */ = {isa = PBXBuildFile; fileRef = 21392C9823D8347500DEDED2 /* WorkoutTracker.xcdatamodeld */; };
		21392C9C23D8347800DEDED2 /* Assets.xcassets in Resources */ = {isa = PBXBuildFile; fileRef = 21392C9B23D8347800DEDED2 /* Assets.xcassets */; };
		21392C9F23D8347800DEDED2 /* LaunchScreen.storyboard in Resources */ = {isa = PBXBuildFile; fileRef = 21392C9D23D8347800DEDED2 /* LaunchScreen.storyboard */; };
		21392CBF23D8383800DEDED2 /* MainScreenListViewController.swift in Sources */ = {isa = PBXBuildFile; fileRef = 21392CBE23D8383800DEDED2 /* MainScreenListViewController.swift */; };
		21392CC123D8405500DEDED2 /* WorkoutViewController.swift in Sources */ = {isa = PBXBuildFile; fileRef = 21392CC023D8405500DEDED2 /* WorkoutViewController.swift */; };
		21392CD423D8545A00DEDED2 /* Workout+CoreDataClass.swift in Sources */ = {isa = PBXBuildFile; fileRef = 21392CCE23D8545A00DEDED2 /* Workout+CoreDataClass.swift */; };
		21392CD523D8545A00DEDED2 /* Workout+CoreDataProperties.swift in Sources */ = {isa = PBXBuildFile; fileRef = 21392CCF23D8545A00DEDED2 /* Workout+CoreDataProperties.swift */; };
		21392CD623D8545A00DEDED2 /* Sett+CoreDataClass.swift in Sources */ = {isa = PBXBuildFile; fileRef = 21392CD023D8545A00DEDED2 /* Sett+CoreDataClass.swift */; };
		21392CD723D8545A00DEDED2 /* Sett+CoreDataProperties.swift in Sources */ = {isa = PBXBuildFile; fileRef = 21392CD123D8545A00DEDED2 /* Sett+CoreDataProperties.swift */; };
		21392CD823D8545A00DEDED2 /* Exercise+CoreDataClass.swift in Sources */ = {isa = PBXBuildFile; fileRef = 21392CD223D8545A00DEDED2 /* Exercise+CoreDataClass.swift */; };
		21392CD923D8545A00DEDED2 /* Exercise+CoreDataProperties.swift in Sources */ = {isa = PBXBuildFile; fileRef = 21392CD323D8545A00DEDED2 /* Exercise+CoreDataProperties.swift */; };
		21392CDB23D8748E00DEDED2 /* ButtonTableViewCell.swift in Sources */ = {isa = PBXBuildFile; fileRef = 21392CDA23D8748E00DEDED2 /* ButtonTableViewCell.swift */; };
		218656DE23D9013100C6D819 /* SetsTableViewCell.swift in Sources */ = {isa = PBXBuildFile; fileRef = 218656DD23D9013100C6D819 /* SetsTableViewCell.swift */; };
/* End PBXBuildFile section */

/* Begin PBXFileReference section */
		21392C8C23D8347500DEDED2 /* WorkoutTracker.app */ = {isa = PBXFileReference; explicitFileType = wrapper.application; includeInIndex = 0; path = WorkoutTracker.app; sourceTree = BUILT_PRODUCTS_DIR; };
		21392C8F23D8347500DEDED2 /* AppDelegate.swift */ = {isa = PBXFileReference; lastKnownFileType = sourcecode.swift; path = AppDelegate.swift; sourceTree = "<group>"; };
		21392C9123D8347500DEDED2 /* SceneDelegate.swift */ = {isa = PBXFileReference; lastKnownFileType = sourcecode.swift; path = SceneDelegate.swift; sourceTree = "<group>"; };
		21392C9623D8347500DEDED2 /* Base */ = {isa = PBXFileReference; lastKnownFileType = file.storyboard; name = Base; path = Base.lproj/Main.storyboard; sourceTree = "<group>"; };
		21392C9923D8347500DEDED2 /* WorkoutTracker.xcdatamodel */ = {isa = PBXFileReference; lastKnownFileType = wrapper.xcdatamodel; path = WorkoutTracker.xcdatamodel; sourceTree = "<group>"; };
		21392C9B23D8347800DEDED2 /* Assets.xcassets */ = {isa = PBXFileReference; lastKnownFileType = folder.assetcatalog; path = Assets.xcassets; sourceTree = "<group>"; };
		21392C9E23D8347800DEDED2 /* Base */ = {isa = PBXFileReference; lastKnownFileType = file.storyboard; name = Base; path = Base.lproj/LaunchScreen.storyboard; sourceTree = "<group>"; };
		21392CA023D8347800DEDED2 /* Info.plist */ = {isa = PBXFileReference; lastKnownFileType = text.plist.xml; path = Info.plist; sourceTree = "<group>"; };
		21392CBE23D8383800DEDED2 /* MainScreenListViewController.swift */ = {isa = PBXFileReference; lastKnownFileType = sourcecode.swift; path = MainScreenListViewController.swift; sourceTree = "<group>"; };
		21392CC023D8405500DEDED2 /* WorkoutViewController.swift */ = {isa = PBXFileReference; lastKnownFileType = sourcecode.swift; path = WorkoutViewController.swift; sourceTree = "<group>"; };
		21392CCE23D8545A00DEDED2 /* Workout+CoreDataClass.swift */ = {isa = PBXFileReference; lastKnownFileType = sourcecode.swift; path = "Workout+CoreDataClass.swift"; sourceTree = "<group>"; };
		21392CCF23D8545A00DEDED2 /* Workout+CoreDataProperties.swift */ = {isa = PBXFileReference; lastKnownFileType = sourcecode.swift; path = "Workout+CoreDataProperties.swift"; sourceTree = "<group>"; };
		21392CD023D8545A00DEDED2 /* Sett+CoreDataClass.swift */ = {isa = PBXFileReference; lastKnownFileType = sourcecode.swift; path = "Sett+CoreDataClass.swift"; sourceTree = "<group>"; };
		21392CD123D8545A00DEDED2 /* Sett+CoreDataProperties.swift */ = {isa = PBXFileReference; lastKnownFileType = sourcecode.swift; path = "Sett+CoreDataProperties.swift"; sourceTree = "<group>"; };
		21392CD223D8545A00DEDED2 /* Exercise+CoreDataClass.swift */ = {isa = PBXFileReference; lastKnownFileType = sourcecode.swift; path = "Exercise+CoreDataClass.swift"; sourceTree = "<group>"; };
		21392CD323D8545A00DEDED2 /* Exercise+CoreDataProperties.swift */ = {isa = PBXFileReference; lastKnownFileType = sourcecode.swift; path = "Exercise+CoreDataProperties.swift"; sourceTree = "<group>"; };
		21392CDA23D8748E00DEDED2 /* ButtonTableViewCell.swift */ = {isa = PBXFileReference; lastKnownFileType = sourcecode.swift; path = ButtonTableViewCell.swift; sourceTree = "<group>"; };
		218656DD23D9013100C6D819 /* SetsTableViewCell.swift */ = {isa = PBXFileReference; lastKnownFileType = sourcecode.swift; path = SetsTableViewCell.swift; sourceTree = "<group>"; };
/* End PBXFileReference section */

/* Begin PBXFrameworksBuildPhase section */
		21392C8923D8347500DEDED2 /* Frameworks */ = {
			isa = PBXFrameworksBuildPhase;
			buildActionMask = 2147483647;
			files = (
			);
			runOnlyForDeploymentPostprocessing = 0;
		};
/* End PBXFrameworksBuildPhase section */

/* Begin PBXGroup section */
		21392C8323D8347500DEDED2 = {
			isa = PBXGroup;
			children = (
				21392CCE23D8545A00DEDED2 /* Workout+CoreDataClass.swift */,
				21392CCF23D8545A00DEDED2 /* Workout+CoreDataProperties.swift */,
				21392CD023D8545A00DEDED2 /* Sett+CoreDataClass.swift */,
				21392CD123D8545A00DEDED2 /* Sett+CoreDataProperties.swift */,
				21392CD223D8545A00DEDED2 /* Exercise+CoreDataClass.swift */,
				21392CD323D8545A00DEDED2 /* Exercise+CoreDataProperties.swift */,
				21392C8E23D8347500DEDED2 /* WorkoutTracker */,
				21392C8D23D8347500DEDED2 /* Products */,
			);
			sourceTree = "<group>";
		};
		21392C8D23D8347500DEDED2 /* Products */ = {
			isa = PBXGroup;
			children = (
				21392C8C23D8347500DEDED2 /* WorkoutTracker.app */,
			);
			name = Products;
			sourceTree = "<group>";
		};
		21392C8E23D8347500DEDED2 /* WorkoutTracker */ = {
			isa = PBXGroup;
			children = (
				21392CBE23D8383800DEDED2 /* MainScreenListViewController.swift */,
				21392CC023D8405500DEDED2 /* WorkoutViewController.swift */,
				218656DD23D9013100C6D819 /* SetsTableViewCell.swift */,
				21392CDA23D8748E00DEDED2 /* ButtonTableViewCell.swift */,
				21392C8F23D8347500DEDED2 /* AppDelegate.swift */,
				21392C9123D8347500DEDED2 /* SceneDelegate.swift */,
				21392C9523D8347500DEDED2 /* Main.storyboard */,
				21392C9B23D8347800DEDED2 /* Assets.xcassets */,
				21392C9D23D8347800DEDED2 /* LaunchScreen.storyboard */,
				21392CA023D8347800DEDED2 /* Info.plist */,
				21392C9823D8347500DEDED2 /* WorkoutTracker.xcdatamodeld */,
			);
			path = WorkoutTracker;
			sourceTree = "<group>";
		};
/* End PBXGroup section */

/* Begin PBXNativeTarget section */
		21392C8B23D8347500DEDED2 /* WorkoutTracker */ = {
			isa = PBXNativeTarget;
			buildConfigurationList = 21392CA323D8347800DEDED2 /* Build configuration list for PBXNativeTarget "WorkoutTracker" */;
			buildPhases = (
				21392C8823D8347500DEDED2 /* Sources */,
				21392C8923D8347500DEDED2 /* Frameworks */,
				21392C8A23D8347500DEDED2 /* Resources */,
			);
			buildRules = (
			);
			dependencies = (
			);
			name = WorkoutTracker;
			productName = WorkoutTracker;
			productReference = 21392C8C23D8347500DEDED2 /* WorkoutTracker.app */;
			productType = "com.apple.product-type.application";
		};
/* End PBXNativeTarget section */

/* Begin PBXProject section */
		21392C8423D8347500DEDED2 /* Project object */ = {
			isa = PBXProject;
			attributes = {
				LastSwiftUpdateCheck = 1130;
				LastUpgradeCheck = 1130;
				ORGANIZATIONNAME = "Will Chew";
				TargetAttributes = {
					21392C8B23D8347500DEDED2 = {
						CreatedOnToolsVersion = 11.3.1;
					};
				};
			};
			buildConfigurationList = 21392C8723D8347500DEDED2 /* Build configuration list for PBXProject "WorkoutTracker" */;
			compatibilityVersion = "Xcode 9.3";
			developmentRegion = en;
			hasScannedForEncodings = 0;
			knownRegions = (
				en,
				Base,
			);
			mainGroup = 21392C8323D8347500DEDED2;
			productRefGroup = 21392C8D23D8347500DEDED2 /* Products */;
			projectDirPath = "";
			projectRoot = "";
			targets = (
				21392C8B23D8347500DEDED2 /* WorkoutTracker */,
			);
		};
/* End PBXProject section */

/* Begin PBXResourcesBuildPhase section */
		21392C8A23D8347500DEDED2 /* Resources */ = {
			isa = PBXResourcesBuildPhase;
			buildActionMask = 2147483647;
			files = (
				21392C9F23D8347800DEDED2 /* LaunchScreen.storyboard in Resources */,
				21392C9C23D8347800DEDED2 /* Assets.xcassets in Resources */,
				21392C9723D8347500DEDED2 /* Main.storyboard in Resources */,
			);
			runOnlyForDeploymentPostprocessing = 0;
		};
/* End PBXResourcesBuildPhase section */

/* Begin PBXSourcesBuildPhase section */
		21392C8823D8347500DEDED2 /* Sources */ = {
			isa = PBXSourcesBuildPhase;
			buildActionMask = 2147483647;
			files = (
				218656DE23D9013100C6D819 /* SetsTableViewCell.swift in Sources */,
				21392CC123D8405500DEDED2 /* WorkoutViewController.swift in Sources */,
				21392CD723D8545A00DEDED2 /* Sett+CoreDataProperties.swift in Sources */,
				21392CD423D8545A00DEDED2 /* Workout+CoreDataClass.swift in Sources */,
				21392CDB23D8748E00DEDED2 /* ButtonTableViewCell.swift in Sources */,
				21392C9023D8347500DEDED2 /* AppDelegate.swift in Sources */,
				21392CD923D8545A00DEDED2 /* Exercise+CoreDataProperties.swift in Sources */,
				21392CBF23D8383800DEDED2 /* MainScreenListViewController.swift in Sources */,
				21392CD823D8545A00DEDED2 /* Exercise+CoreDataClass.swift in Sources */,
				21392CD523D8545A00DEDED2 /* Workout+CoreDataProperties.swift in Sources */,
				21392C9A23D8347500DEDED2 /* WorkoutTracker.xcdatamodeld in Sources */,
				21392C9223D8347500DEDED2 /* SceneDelegate.swift in Sources */,
				21392CD623D8545A00DEDED2 /* Sett+CoreDataClass.swift in Sources */,
			);
			runOnlyForDeploymentPostprocessing = 0;
		};
/* End PBXSourcesBuildPhase section */

/* Begin PBXVariantGroup section */
		21392C9523D8347500DEDED2 /* Main.storyboard */ = {
			isa = PBXVariantGroup;
			children = (
				21392C9623D8347500DEDED2 /* Base */,
			);
			name = Main.storyboard;
			sourceTree = "<group>";
		};
		21392C9D23D8347800DEDED2 /* LaunchScreen.storyboard */ = {
			isa = PBXVariantGroup;
			children = (
				21392C9E23D8347800DEDED2 /* Base */,
			);
			name = LaunchScreen.storyboard;
			sourceTree = "<group>";
		};
/* End PBXVariantGroup section */

/* Begin XCBuildConfiguration section */
		21392CA123D8347800DEDED2 /* Debug */ = {
			isa = XCBuildConfiguration;
			buildSettings = {
				ALWAYS_SEARCH_USER_PATHS = NO;
				CLANG_ANALYZER_NONNULL = YES;
				CLANG_ANALYZER_NUMBER_OBJECT_CONVERSION = YES_AGGRESSIVE;
				CLANG_CXX_LANGUAGE_STANDARD = "gnu++14";
				CLANG_CXX_LIBRARY = "libc++";
				CLANG_ENABLE_MODULES = YES;
				CLANG_ENABLE_OBJC_ARC = YES;
				CLANG_ENABLE_OBJC_WEAK = YES;
				CLANG_WARN_BLOCK_CAPTURE_AUTORELEASING = YES;
				CLANG_WARN_BOOL_CONVERSION = YES;
				CLANG_WARN_COMMA = YES;
				CLANG_WARN_CONSTANT_CONVERSION = YES;
				CLANG_WARN_DEPRECATED_OBJC_IMPLEMENTATIONS = YES;
				CLANG_WARN_DIRECT_OBJC_ISA_USAGE = YES_ERROR;
				CLANG_WARN_DOCUMENTATION_COMMENTS = YES;
				CLANG_WARN_EMPTY_BODY = YES;
				CLANG_WARN_ENUM_CONVERSION = YES;
				CLANG_WARN_INFINITE_RECURSION = YES;
				CLANG_WARN_INT_CONVERSION = YES;
				CLANG_WARN_NON_LITERAL_NULL_CONVERSION = YES;
				CLANG_WARN_OBJC_IMPLICIT_RETAIN_SELF = YES;
				CLANG_WARN_OBJC_LITERAL_CONVERSION = YES;
				CLANG_WARN_OBJC_ROOT_CLASS = YES_ERROR;
				CLANG_WARN_RANGE_LOOP_ANALYSIS = YES;
				CLANG_WARN_STRICT_PROTOTYPES = YES;
				CLANG_WARN_SUSPICIOUS_MOVE = YES;
				CLANG_WARN_UNGUARDED_AVAILABILITY = YES_AGGRESSIVE;
				CLANG_WARN_UNREACHABLE_CODE = YES;
				CLANG_WARN__DUPLICATE_METHOD_MATCH = YES;
				COPY_PHASE_STRIP = NO;
				DEBUG_INFORMATION_FORMAT = dwarf;
				ENABLE_STRICT_OBJC_MSGSEND = YES;
				ENABLE_TESTABILITY = YES;
				GCC_C_LANGUAGE_STANDARD = gnu11;
				GCC_DYNAMIC_NO_PIC = NO;
				GCC_NO_COMMON_BLOCKS = YES;
				GCC_OPTIMIZATION_LEVEL = 0;
				GCC_PREPROCESSOR_DEFINITIONS = (
					"DEBUG=1",
					"$(inherited)",
				);
				GCC_WARN_64_TO_32_BIT_CONVERSION = YES;
				GCC_WARN_ABOUT_RETURN_TYPE = YES_ERROR;
				GCC_WARN_UNDECLARED_SELECTOR = YES;
				GCC_WARN_UNINITIALIZED_AUTOS = YES_AGGRESSIVE;
				GCC_WARN_UNUSED_FUNCTION = YES;
				GCC_WARN_UNUSED_VARIABLE = YES;
				IPHONEOS_DEPLOYMENT_TARGET = 13.2;
				MTL_ENABLE_DEBUG_INFO = INCLUDE_SOURCE;
				MTL_FAST_MATH = YES;
				ONLY_ACTIVE_ARCH = YES;
				SDKROOT = iphoneos;
				SWIFT_ACTIVE_COMPILATION_CONDITIONS = DEBUG;
				SWIFT_OPTIMIZATION_LEVEL = "-Onone";
			};
			name = Debug;
		};
		21392CA223D8347800DEDED2 /* Release */ = {
			isa = XCBuildConfiguration;
			buildSettings = {
				ALWAYS_SEARCH_USER_PATHS = NO;
				CLANG_ANALYZER_NONNULL = YES;
				CLANG_ANALYZER_NUMBER_OBJECT_CONVERSION = YES_AGGRESSIVE;
				CLANG_CXX_LANGUAGE_STANDARD = "gnu++14";
				CLANG_CXX_LIBRARY = "libc++";
				CLANG_ENABLE_MODULES = YES;
				CLANG_ENABLE_OBJC_ARC = YES;
				CLANG_ENABLE_OBJC_WEAK = YES;
				CLANG_WARN_BLOCK_CAPTURE_AUTORELEASING = YES;
				CLANG_WARN_BOOL_CONVERSION = YES;
				CLANG_WARN_COMMA = YES;
				CLANG_WARN_CONSTANT_CONVERSION = YES;
				CLANG_WARN_DEPRECATED_OBJC_IMPLEMENTATIONS = YES;
				CLANG_WARN_DIRECT_OBJC_ISA_USAGE = YES_ERROR;
				CLANG_WARN_DOCUMENTATION_COMMENTS = YES;
				CLANG_WARN_EMPTY_BODY = YES;
				CLANG_WARN_ENUM_CONVERSION = YES;
				CLANG_WARN_INFINITE_RECURSION = YES;
				CLANG_WARN_INT_CONVERSION = YES;
				CLANG_WARN_NON_LITERAL_NULL_CONVERSION = YES;
				CLANG_WARN_OBJC_IMPLICIT_RETAIN_SELF = YES;
				CLANG_WARN_OBJC_LITERAL_CONVERSION = YES;
				CLANG_WARN_OBJC_ROOT_CLASS = YES_ERROR;
				CLANG_WARN_RANGE_LOOP_ANALYSIS = YES;
				CLANG_WARN_STRICT_PROTOTYPES = YES;
				CLANG_WARN_SUSPICIOUS_MOVE = YES;
				CLANG_WARN_UNGUARDED_AVAILABILITY = YES_AGGRESSIVE;
				CLANG_WARN_UNREACHABLE_CODE = YES;
				CLANG_WARN__DUPLICATE_METHOD_MATCH = YES;
				COPY_PHASE_STRIP = NO;
				DEBUG_INFORMATION_FORMAT = "dwarf-with-dsym";
				ENABLE_NS_ASSERTIONS = NO;
				ENABLE_STRICT_OBJC_MSGSEND = YES;
				GCC_C_LANGUAGE_STANDARD = gnu11;
				GCC_NO_COMMON_BLOCKS = YES;
				GCC_WARN_64_TO_32_BIT_CONVERSION = YES;
				GCC_WARN_ABOUT_RETURN_TYPE = YES_ERROR;
				GCC_WARN_UNDECLARED_SELECTOR = YES;
				GCC_WARN_UNINITIALIZED_AUTOS = YES_AGGRESSIVE;
				GCC_WARN_UNUSED_FUNCTION = YES;
				GCC_WARN_UNUSED_VARIABLE = YES;
				IPHONEOS_DEPLOYMENT_TARGET = 13.2;
				MTL_ENABLE_DEBUG_INFO = NO;
				MTL_FAST_MATH = YES;
				SDKROOT = iphoneos;
				SWIFT_COMPILATION_MODE = wholemodule;
				SWIFT_OPTIMIZATION_LEVEL = "-O";
				VALIDATE_PRODUCT = YES;
			};
			name = Release;
		};
		21392CA423D8347800DEDED2 /* Debug */ = {
			isa = XCBuildConfiguration;
			buildSettings = {
				ASSETCATALOG_COMPILER_APPICON_NAME = AppIcon;
				CODE_SIGN_STYLE = Automatic;
				DEVELOPMENT_TEAM = 475GYSBZB3;
				INFOPLIST_FILE = WorkoutTracker/Info.plist;
				LD_RUNPATH_SEARCH_PATHS = (
					"$(inherited)",
					"@executable_path/Frameworks",
				);
				PRODUCT_BUNDLE_IDENTIFIER = com.williamchew.WorkoutTracker;
				PRODUCT_NAME = "$(TARGET_NAME)";
				SWIFT_VERSION = 5.0;
				TARGETED_DEVICE_FAMILY = "1,2";
			};
			name = Debug;
		};
		21392CA523D8347800DEDED2 /* Release */ = {
			isa = XCBuildConfiguration;
			buildSettings = {
				ASSETCATALOG_COMPILER_APPICON_NAME = AppIcon;
				CODE_SIGN_STYLE = Automatic;
				DEVELOPMENT_TEAM = 475GYSBZB3;
				INFOPLIST_FILE = WorkoutTracker/Info.plist;
				LD_RUNPATH_SEARCH_PATHS = (
					"$(inherited)",
					"@executable_path/Frameworks",
				);
				PRODUCT_BUNDLE_IDENTIFIER = com.williamchew.WorkoutTracker;
				PRODUCT_NAME = "$(TARGET_NAME)";
				SWIFT_VERSION = 5.0;
				TARGETED_DEVICE_FAMILY = "1,2";
			};
			name = Release;
		};
/* End XCBuildConfiguration section */

/* Begin XCConfigurationList section */
		21392C8723D8347500DEDED2 /* Build configuration list for PBXProject "WorkoutTracker" */ = {
			isa = XCConfigurationList;
			buildConfigurations = (
				21392CA123D8347800DEDED2 /* Debug */,
				21392CA223D8347800DEDED2 /* Release */,
			);
			defaultConfigurationIsVisible = 0;
			defaultConfigurationName = Release;
		};
		21392CA323D8347800DEDED2 /* Build configuration list for PBXNativeTarget "WorkoutTracker" */ = {
			isa = XCConfigurationList;
			buildConfigurations = (
				21392CA423D8347800DEDED2 /* Debug */,
				21392CA523D8347800DEDED2 /* Release */,
			);
			defaultConfigurationIsVisible = 0;
			defaultConfigurationName = Release;
		};
/* End XCConfigurationList section */

/* Begin XCVersionGroup section */
		21392C9823D8347500DEDED2 /* WorkoutTracker.xcdatamodeld */ = {
			isa = XCVersionGroup;
			children = (
				21392C9923D8347500DEDED2 /* WorkoutTracker.xcdatamodel */,
			);
			currentVersion = 21392C9923D8347500DEDED2 /* WorkoutTracker.xcdatamodel */;
			path = WorkoutTracker.xcdatamodeld;
			sourceTree = "<group>";
			versionGroupType = wrapper.xcdatamodel;
		};
/* End XCVersionGroup section */
	};
	rootObject = 21392C8423D8347500DEDED2 /* Project object */;
}
